
Microsoft Visual Studio Solution File, Format Version 12.00
# Visual Studio Version 16
VisualStudioVersion = 16.0.30516.212
MinimumVisualStudioVersion = 10.0.40219.1
Project("{9A19103F-16F7-4668-BE54-9A1E7A4F7556}") = "Heimdall", "Heimdall\Heimdall.csproj", "{41FC9283-3476-4434-B6A5-1835C12AB441}"
EndProject
Project("{9A19103F-16F7-4668-BE54-9A1E7A4F7556}") = "BasicIdpExample", "BasicIdpExample\BasicIdpExample.csproj", "{2437AB09-4A49-4563-B0FD-A0A81AF20896}"
EndProject
Global
	GlobalSection(SolutionConfigurationPlatforms) = preSolution
		Debug|Any CPU = Debug|Any CPU
		Release|Any CPU = Release|Any CPU
	EndGlobalSection
	GlobalSection(ProjectConfigurationPlatforms) = postSolution
		{41FC9283-3476-4434-B6A5-1835C12AB441}.Debug|Any CPU.ActiveCfg = Debug|Any CPU
		{41FC9283-3476-4434-B6A5-1835C12AB441}.Debug|Any CPU.Build.0 = Debug|Any CPU
		{41FC9283-3476-4434-B6A5-1835C12AB441}.Release|Any CPU.ActiveCfg = Release|Any CPU
		{41FC9283-3476-4434-B6A5-1835C12AB441}.Release|Any CPU.Build.0 = Release|Any CPU
		{2437AB09-4A49-4563-B0FD-A0A81AF20896}.Debug|Any CPU.ActiveCfg = Debug|Any CPU
		{2437AB09-4A49-4563-B0FD-A0A81AF20896}.Debug|Any CPU.Build.0 = Debug|Any CPU
		{2437AB09-4A49-4563-B0FD-A0A81AF20896}.Release|Any CPU.ActiveCfg = Release|Any CPU
		{2437AB09-4A49-4563-B0FD-A0A81AF20896}.Release|Any CPU.Build.0 = Release|Any CPU
	EndGlobalSection
	GlobalSection(SolutionProperties) = preSolution
		HideSolutionNode = FALSE
	EndGlobalSection
	GlobalSection(ExtensibilityGlobals) = postSolution
		SolutionGuid = {689C6490-091C-465B-ABCA-3E65E3CE0ED8}
	EndGlobalSection
EndGlobal
